// !$*UTF8*$!
{
	archiveVersion = 1;
	classes = {
	};
	objectVersion = 50;
	objects = {

/* Begin PBXBuildFile section */
		B712207923866B2F00DD2EFF /* AppDelegate.m in Sources */ = {isa = PBXBuildFile; fileRef = B712207823866B2F00DD2EFF /* AppDelegate.m */; };
		B712207C23866B2F00DD2EFF /* SceneDelegate.m in Sources */ = {isa = PBXBuildFile; fileRef = B712207B23866B2F00DD2EFF /* SceneDelegate.m */; };
		B712207F23866B2F00DD2EFF /* ViewController.m in Sources */ = {isa = PBXBuildFile; fileRef = B712207E23866B2F00DD2EFF /* ViewController.m */; };
		B712208223866B2F00DD2EFF /* Main.storyboard in Resources */ = {isa = PBXBuildFile; fileRef = B712208023866B2F00DD2EFF /* Main.storyboard */; };
		B712208423866B3300DD2EFF /* Assets.xcassets in Resources */ = {isa = PBXBuildFile; fileRef = B712208323866B3300DD2EFF /* Assets.xcassets */; };
		B712208723866B3300DD2EFF /* LaunchScreen.storyboard in Resources */ = {isa = PBXBuildFile; fileRef = B712208523866B3300DD2EFF /* LaunchScreen.storyboard */; };
		B712208A23866B3300DD2EFF /* main.m in Sources */ = {isa = PBXBuildFile; fileRef = B712208923866B3300DD2EFF /* main.m */; };
		B71220DE2387C64200DD2EFF /* UITextField+XHInputCount.m in Sources */ = {isa = PBXBuildFile; fileRef = B71220DD2387C64200DD2EFF /* UITextField+XHInputCount.m */; };
		B71220E22387D29600DD2EFF /* XHInputTextField.m in Sources */ = {isa = PBXBuildFile; fileRef = B71220E12387D29600DD2EFF /* XHInputTextField.m */; };
/* End PBXBuildFile section */

/* Begin PBXFileReference section */
		B712207423866B2F00DD2EFF /* FXHTextInputDemo.app */ = {isa = PBXFileReference; explicitFileType = wrapper.application; includeInIndex = 0; path = FXHTextInputDemo.app; sourceTree = BUILT_PRODUCTS_DIR; };
		B712207723866B2F00DD2EFF /* AppDelegate.h */ = {isa = PBXFileReference; lastKnownFileType = sourcecode.c.h; path = AppDelegate.h; sourceTree = "<group>"; };
		B712207823866B2F00DD2EFF /* AppDelegate.m */ = {isa = PBXFileReference; lastKnownFileType = sourcecode.c.objc; path = AppDelegate.m; sourceTree = "<group>"; };
		B712207A23866B2F00DD2EFF /* SceneDelegate.h */ = {isa = PBXFileReference; lastKnownFileType = sourcecode.c.h; path = SceneDelegate.h; sourceTree = "<group>"; };
		B712207B23866B2F00DD2EFF /* SceneDelegate.m */ = {isa = PBXFileReference; lastKnownFileType = sourcecode.c.objc; path = SceneDelegate.m; sourceTree = "<group>"; };
		B712207D23866B2F00DD2EFF /* ViewController.h */ = {isa = PBXFileReference; lastKnownFileType = sourcecode.c.h; path = ViewController.h; sourceTree = "<group>"; };
		B712207E23866B2F00DD2EFF /* ViewController.m */ = {isa = PBXFileReference; lastKnownFileType = sourcecode.c.objc; path = ViewController.m; sourceTree = "<group>"; };
		B712208123866B2F00DD2EFF /* Base */ = {isa = PBXFileReference; lastKnownFileType = file.storyboard; name = Base; path = Base.lproj/Main.storyboard; sourceTree = "<group>"; };
		B712208323866B3300DD2EFF /* Assets.xcassets */ = {isa = PBXFileReference; lastKnownFileType = folder.assetcatalog; path = Assets.xcassets; sourceTree = "<group>"; };
		B712208623866B3300DD2EFF /* Base */ = {isa = PBXFileReference; lastKnownFileType = file.storyboard; name = Base; path = Base.lproj/LaunchScreen.storyboard; sourceTree = "<group>"; };
		B712208823866B3300DD2EFF /* Info.plist */ = {isa = PBXFileReference; lastKnownFileType = text.plist.xml; path = Info.plist; sourceTree = "<group>"; };
		B712208923866B3300DD2EFF /* main.m */ = {isa = PBXFileReference; lastKnownFileType = sourcecode.c.objc; path = main.m; sourceTree = "<group>"; };
		B71220DC2387C64200DD2EFF /* UITextField+XHInputCount.h */ = {isa = PBXFileReference; lastKnownFileType = sourcecode.c.h; path = "UITextField+XHInputCount.h"; sourceTree = "<group>"; };
		B71220DD2387C64200DD2EFF /* UITextField+XHInputCount.m */ = {isa = PBXFileReference; lastKnownFileType = sourcecode.c.objc; path = "UITextField+XHInputCount.m"; sourceTree = "<group>"; };
		B71220E02387D29600DD2EFF /* XHInputTextField.h */ = {isa = PBXFileReference; fileEncoding = 4; lastKnownFileType = sourcecode.c.h; path = XHInputTextField.h; sourceTree = "<group>"; };
		B71220E12387D29600DD2EFF /* XHInputTextField.m */ = {isa = PBXFileReference; fileEncoding = 4; lastKnownFileType = sourcecode.c.objc; path = XHInputTextField.m; sourceTree = "<group>"; };
/* End PBXFileReference section */

/* Begin PBXFrameworksBuildPhase section */
		B712207123866B2F00DD2EFF /* Frameworks */ = {
			isa = PBXFrameworksBuildPhase;
			buildActionMask = 2147483647;
			files = (
			);
			runOnlyForDeploymentPostprocessing = 0;
		};
/* End PBXFrameworksBuildPhase section */

/* Begin PBXGroup section */
		B712206B23866B2F00DD2EFF = {
			isa = PBXGroup;
			children = (
				B712207623866B2F00DD2EFF /* FXHTextInputDemo */,
				B712207523866B2F00DD2EFF /* Products */,
				B71220C72387BFF600DD2EFF /* Frameworks */,
			);
			sourceTree = "<group>";
		};
		B712207523866B2F00DD2EFF /* Products */ = {
			isa = PBXGroup;
			children = (
				B712207423866B2F00DD2EFF /* FXHTextInputDemo.app */,
			);
			name = Products;
			sourceTree = "<group>";
		};
		B712207623866B2F00DD2EFF /* FXHTextInputDemo */ = {
			isa = PBXGroup;
			children = (
				B71220DF2387D29600DD2EFF /* XHInputTextField */,
				B712207723866B2F00DD2EFF /* AppDelegate.h */,
				B712207823866B2F00DD2EFF /* AppDelegate.m */,
				B712207A23866B2F00DD2EFF /* SceneDelegate.h */,
				B712207B23866B2F00DD2EFF /* SceneDelegate.m */,
				B712207D23866B2F00DD2EFF /* ViewController.h */,
				B712207E23866B2F00DD2EFF /* ViewController.m */,
				B712208023866B2F00DD2EFF /* Main.storyboard */,
				B712208323866B3300DD2EFF /* Assets.xcassets */,
				B712208523866B3300DD2EFF /* LaunchScreen.storyboard */,
				B712208823866B3300DD2EFF /* Info.plist */,
				B712208923866B3300DD2EFF /* main.m */,
				B71220DC2387C64200DD2EFF /* UITextField+XHInputCount.h */,
				B71220DD2387C64200DD2EFF /* UITextField+XHInputCount.m */,
			);
			path = FXHTextInputDemo;
			sourceTree = "<group>";
		};
		B71220C72387BFF600DD2EFF /* Frameworks */ = {
			isa = PBXGroup;
			children = (
			);
			name = Frameworks;
			sourceTree = "<group>";
		};
		B71220DF2387D29600DD2EFF /* XHInputTextField */ = {
			isa = PBXGroup;
			children = (
				B71220E02387D29600DD2EFF /* XHInputTextField.h */,
				B71220E12387D29600DD2EFF /* XHInputTextField.m */,
			);
			path = XHInputTextField;
			sourceTree = "<group>";
		};
/* End PBXGroup section */

/* Begin PBXNativeTarget section */
		B712207323866B2F00DD2EFF /* FXHTextInputDemo */ = {
			isa = PBXNativeTarget;
			buildConfigurationList = B71220A323866B3300DD2EFF /* Build configuration list for PBXNativeTarget "FXHTextInputDemo" */;
			buildPhases = (
				B712207023866B2F00DD2EFF /* Sources */,
				B712207123866B2F00DD2EFF /* Frameworks */,
				B712207223866B2F00DD2EFF /* Resources */,
			);
			buildRules = (
			);
			dependencies = (
			);
			name = FXHTextInputDemo;
			productName = FXHTextInputDemo;
			productReference = B712207423866B2F00DD2EFF /* FXHTextInputDemo.app */;
			productType = "com.apple.product-type.application";
		};
/* End PBXNativeTarget section */

/* Begin PBXProject section */
		B712206C23866B2F00DD2EFF /* Project object */ = {
			isa = PBXProject;
			attributes = {
				LastUpgradeCheck = 1110;
				ORGANIZATIONNAME = fxh;
				TargetAttributes = {
					B712207323866B2F00DD2EFF = {
						CreatedOnToolsVersion = 11.1;
					};
				};
			};
			buildConfigurationList = B712206F23866B2F00DD2EFF /* Build configuration list for PBXProject "FXHTextInputDemo" */;
			compatibilityVersion = "Xcode 9.3";
			developmentRegion = en;
			hasScannedForEncodings = 0;
			knownRegions = (
				en,
				Base,
			);
			mainGroup = B712206B23866B2F00DD2EFF;
			productRefGroup = B712207523866B2F00DD2EFF /* Products */;
			projectDirPath = "";
			projectRoot = "";
			targets = (
				B712207323866B2F00DD2EFF /* FXHTextInputDemo */,
			);
		};
/* End PBXProject section */

/* Begin PBXResourcesBuildPhase section */
		B712207223866B2F00DD2EFF /* Resources */ = {
			isa = PBXResourcesBuildPhase;
			buildActionMask = 2147483647;
			files = (
				B712208723866B3300DD2EFF /* LaunchScreen.storyboard in Resources */,
				B712208423866B3300DD2EFF /* Assets.xcassets in Resources */,
				B712208223866B2F00DD2EFF /* Main.storyboard in Resources */,
			);
			runOnlyForDeploymentPostprocessing = 0;
		};
/* End PBXResourcesBuildPhase section */

/* Begin PBXSourcesBuildPhase section */
		B712207023866B2F00DD2EFF /* Sources */ = {
			isa = PBXSourcesBuildPhase;
			buildActionMask = 2147483647;
			files = (
				B712207F23866B2F00DD2EFF /* ViewController.m in Sources */,
				B71220E22387D29600DD2EFF /* XHInputTextField.m in Sources */,
				B712207923866B2F00DD2EFF /* AppDelegate.m in Sources */,
				B712208A23866B3300DD2EFF /* main.m in Sources */,
				B71220DE2387C64200DD2EFF /* UITextField+XHInputCount.m in Sources */,
				B712207C23866B2F00DD2EFF /* SceneDelegate.m in Sources */,
			);
			runOnlyForDeploymentPostprocessing = 0;
		};
/* End PBXSourcesBuildPhase section */

/* Begin PBXVariantGroup section */
		B712208023866B2F00DD2EFF /* Main.storyboard */ = {
			isa = PBXVariantGroup;
			children = (
				B712208123866B2F00DD2EFF /* Base */,
			);
			name = Main.storyboard;
			sourceTree = "<group>";
		};
		B712208523866B3300DD2EFF /* LaunchScreen.storyboard */ = {
			isa = PBXVariantGroup;
			children = (
				B712208623866B3300DD2EFF /* Base */,
			);
			name = LaunchScreen.storyboard;
			sourceTree = "<group>";
		};
/* End PBXVariantGroup section */

/* Begin XCBuildConfiguration section */
		B71220A123866B3300DD2EFF /* Debug */ = {
			isa = XCBuildConfiguration;
			buildSettings = {
				ALWAYS_SEARCH_USER_PATHS = NO;
				CLANG_ANALYZER_NONNULL = YES;
				CLANG_ANALYZER_NUMBER_OBJECT_CONVERSION = YES_AGGRESSIVE;
				CLANG_CXX_LANGUAGE_STANDARD = "gnu++14";
				CLANG_CXX_LIBRARY = "libc++";
				CLANG_ENABLE_MODULES = YES;
				CLANG_ENABLE_OBJC_ARC = YES;
				CLANG_ENABLE_OBJC_WEAK = YES;
				CLANG_WARN_BLOCK_CAPTURE_AUTORELEASING = YES;
				CLANG_WARN_BOOL_CONVERSION = YES;
				CLANG_WARN_COMMA = YES;
				CLANG_WARN_CONSTANT_CONVERSION = YES;
				CLANG_WARN_DEPRECATED_OBJC_IMPLEMENTATIONS = YES;
				CLANG_WARN_DIRECT_OBJC_ISA_USAGE = YES_ERROR;
				CLANG_WARN_DOCUMENTATION_COMMENTS = YES;
				CLANG_WARN_EMPTY_BODY = YES;
				CLANG_WARN_ENUM_CONVERSION = YES;
				CLANG_WARN_INFINITE_RECURSION = YES;
				CLANG_WARN_INT_CONVERSION = YES;
				CLANG_WARN_NON_LITERAL_NULL_CONVERSION = YES;
				CLANG_WARN_OBJC_IMPLICIT_RETAIN_SELF = YES;
				CLANG_WARN_OBJC_LITERAL_CONVERSION = YES;
				CLANG_WARN_OBJC_ROOT_CLASS = YES_ERROR;
				CLANG_WARN_RANGE_LOOP_ANALYSIS = YES;
				CLANG_WARN_STRICT_PROTOTYPES = YES;
				CLANG_WARN_SUSPICIOUS_MOVE = YES;
				CLANG_WARN_UNGUARDED_AVAILABILITY = YES_AGGRESSIVE;
				CLANG_WARN_UNREACHABLE_CODE = YES;
				CLANG_WARN__DUPLICATE_METHOD_MATCH = YES;
				COPY_PHASE_STRIP = NO;
				DEBUG_INFORMATION_FORMAT = dwarf;
				ENABLE_STRICT_OBJC_MSGSEND = YES;
				ENABLE_TESTABILITY = YES;
				GCC_C_LANGUAGE_STANDARD = gnu11;
				GCC_DYNAMIC_NO_PIC = NO;
				GCC_NO_COMMON_BLOCKS = YES;
				GCC_OPTIMIZATION_LEVEL = 0;
				GCC_PREPROCESSOR_DEFINITIONS = (
					"DEBUG=1",
					"$(inherited)",
				);
				GCC_WARN_64_TO_32_BIT_CONVERSION = YES;
				GCC_WARN_ABOUT_RETURN_TYPE = YES_ERROR;
				GCC_WARN_UNDECLARED_SELECTOR = YES;
				GCC_WARN_UNINITIALIZED_AUTOS = YES_AGGRESSIVE;
				GCC_WARN_UNUSED_FUNCTION = YES;
				GCC_WARN_UNUSED_VARIABLE = YES;
				IPHONEOS_DEPLOYMENT_TARGET = 13.1;
				MTL_ENABLE_DEBUG_INFO = INCLUDE_SOURCE;
				MTL_FAST_MATH = YES;
				ONLY_ACTIVE_ARCH = YES;
				SDKROOT = iphoneos;
			};
			name = Debug;
		};
		B71220A223866B3300DD2EFF /* Release */ = {
			isa = XCBuildConfiguration;
			buildSettings = {
				ALWAYS_SEARCH_USER_PATHS = NO;
				CLANG_ANALYZER_NONNULL = YES;
				CLANG_ANALYZER_NUMBER_OBJECT_CONVERSION = YES_AGGRESSIVE;
				CLANG_CXX_LANGUAGE_STANDARD = "gnu++14";
				CLANG_CXX_LIBRARY = "libc++";
				CLANG_ENABLE_MODULES = YES;
				CLANG_ENABLE_OBJC_ARC = YES;
				CLANG_ENABLE_OBJC_WEAK = YES;
				CLANG_WARN_BLOCK_CAPTURE_AUTORELEASING = YES;
				CLANG_WARN_BOOL_CONVERSION = YES;
				CLANG_WARN_COMMA = YES;
				CLANG_WARN_CONSTANT_CONVERSION = YES;
				CLANG_WARN_DEPRECATED_OBJC_IMPLEMENTATIONS = YES;
				CLANG_WARN_DIRECT_OBJC_ISA_USAGE = YES_ERROR;
				CLANG_WARN_DOCUMENTATION_COMMENTS = YES;
				CLANG_WARN_EMPTY_BODY = YES;
				CLANG_WARN_ENUM_CONVERSION = YES;
				CLANG_WARN_INFINITE_RECURSION = YES;
				CLANG_WARN_INT_CONVERSION = YES;
				CLANG_WARN_NON_LITERAL_NULL_CONVERSION = YES;
				CLANG_WARN_OBJC_IMPLICIT_RETAIN_SELF = YES;
				CLANG_WARN_OBJC_LITERAL_CONVERSION = YES;
				CLANG_WARN_OBJC_ROOT_CLASS = YES_ERROR;
				CLANG_WARN_RANGE_LOOP_ANALYSIS = YES;
				CLANG_WARN_STRICT_PROTOTYPES = YES;
				CLANG_WARN_SUSPICIOUS_MOVE = YES;
				CLANG_WARN_UNGUARDED_AVAILABILITY = YES_AGGRESSIVE;
				CLANG_WARN_UNREACHABLE_CODE = YES;
				CLANG_WARN__DUPLICATE_METHOD_MATCH = YES;
				COPY_PHASE_STRIP = NO;
				DEBUG_INFORMATION_FORMAT = "dwarf-with-dsym";
				ENABLE_NS_ASSERTIONS = NO;
				ENABLE_STRICT_OBJC_MSGSEND = YES;
				GCC_C_LANGUAGE_STANDARD = gnu11;
				GCC_NO_COMMON_BLOCKS = YES;
				GCC_WARN_64_TO_32_BIT_CONVERSION = YES;
				GCC_WARN_ABOUT_RETURN_TYPE = YES_ERROR;
				GCC_WARN_UNDECLARED_SELECTOR = YES;
				GCC_WARN_UNINITIALIZED_AUTOS = YES_AGGRESSIVE;
				GCC_WARN_UNUSED_FUNCTION = YES;
				GCC_WARN_UNUSED_VARIABLE = YES;
				IPHONEOS_DEPLOYMENT_TARGET = 13.1;
				MTL_ENABLE_DEBUG_INFO = NO;
				MTL_FAST_MATH = YES;
				SDKROOT = iphoneos;
				VALIDATE_PRODUCT = YES;
			};
			name = Release;
		};
		B71220A423866B3300DD2EFF /* Debug */ = {
			isa = XCBuildConfiguration;
			buildSettings = {
				ASSETCATALOG_COMPILER_APPICON_NAME = AppIcon;
				CODE_SIGN_STYLE = Automatic;
				DEVELOPMENT_TEAM = FF7592PCFH;
				INFOPLIST_FILE = FXHTextInputDemo/Info.plist;
				IPHONEOS_DEPLOYMENT_TARGET = 8.0;
				LD_RUNPATH_SEARCH_PATHS = (
					"$(inherited)",
					"@executable_path/Frameworks",
				);
				LIBRARY_SEARCH_PATHS = (
					"$(inherited)",
					"$(PROJECT_DIR)",
				);
				OTHER_LDFLAGS = "-ObjC";
				PRODUCT_BUNDLE_IDENTIFIER = com.FXHTextInputDemo;
				PRODUCT_NAME = "$(TARGET_NAME)";
				TARGETED_DEVICE_FAMILY = "1,2";
			};
			name = Debug;
		};
		B71220A523866B3300DD2EFF /* Release */ = {
			isa = XCBuildConfiguration;
			buildSettings = {
				ASSETCATALOG_COMPILER_APPICON_NAME = AppIcon;
				CODE_SIGN_STYLE = Automatic;
				DEVELOPMENT_TEAM = FF7592PCFH;
				INFOPLIST_FILE = FXHTextInputDemo/Info.plist;
				IPHONEOS_DEPLOYMENT_TARGET = 8.0;
				LD_RUNPATH_SEARCH_PATHS = (
					"$(inherited)",
					"@executable_path/Frameworks",
				);
				LIBRARY_SEARCH_PATHS = (
					"$(inherited)",
					"$(PROJECT_DIR)",
				);
				OTHER_LDFLAGS = "-ObjC";
				PRODUCT_BUNDLE_IDENTIFIER = com.FXHTextInputDemo;
				PRODUCT_NAME = "$(TARGET_NAME)";
				TARGETED_DEVICE_FAMILY = "1,2";
			};
			name = Release;
		};
/* End XCBuildConfiguration section */

/* Begin XCConfigurationList section */
		B712206F23866B2F00DD2EFF /* Build configuration list for PBXProject "FXHTextInputDemo" */ = {
			isa = XCConfigurationList;
			buildConfigurations = (
				B71220A123866B3300DD2EFF /* Debug */,
				B71220A223866B3300DD2EFF /* Release */,
			);
			defaultConfigurationIsVisible = 0;
			defaultConfigurationName = Release;
		};
		B71220A323866B3300DD2EFF /* Build configuration list for PBXNativeTarget "FXHTextInputDemo" */ = {
			isa = XCConfigurationList;
			buildConfigurations = (
				B71220A423866B3300DD2EFF /* Debug */,
				B71220A523866B3300DD2EFF /* Release */,
			);
			defaultConfigurationIsVisible = 0;
			defaultConfigurationName = Release;
		};
/* End XCConfigurationList section */
	};
	rootObject = B712206C23866B2F00DD2EFF /* Project object */;
}
